
Microsoft Visual Studio Solution File, Format Version 12.00
# Visual Studio Version 17
VisualStudioVersion = 17.1.32210.238
MinimumVisualStudioVersion = 10.0.40219.1
Project("{9A19103F-16F7-4668-BE54-9A1E7A4F7556}") = "BlockCypher.Client.UnitTest", "test\BlockCypher.Client.UnitTest\BlockCypher.Client.UnitTest.csproj", "{D7AD83AD-C202-47D0-9B79-CB20B387E611}"
EndProject
Project("{2150E333-8FDC-42A3-9474-1A3956D46DE8}") = "test", "test", "{3C49223D-DFB1-40DD-9D60-BACDC7F0AFF3}"
EndProject
Project("{2150E333-8FDC-42A3-9474-1A3956D46DE8}") = "src", "src", "{D1A8F8C6-F7E9-4792-9819-4AAEC14F2873}"
EndProject
Project("{FAE04EC0-301F-11D3-BF4B-00C04F79EFBC}") = "BlockCypher.Objects", "BlockCypher.Objects\BlockCypher.Objects.csproj", "{93044A2B-DB2C-42AB-B765-EBB993175D28}"
EndProject
Project("{FAE04EC0-301F-11D3-BF4B-00C04F79EFBC}") = "BlockCypher.Clients", "BlockCypher.Clients\BlockCypher.Clients.csproj", "{3AD6C467-1E3A-4331-B960-15D7D5762E0A}"
EndProject
Project("{2150E333-8FDC-42A3-9474-1A3956D46DE8}") = "samples", "samples", "{DC0DD6C0-12CA-4714-97F9-5ACD43B77230}"
EndProject
Project("{FAE04EC0-301F-11D3-BF4B-00C04F79EFBC}") = "BlockCypher.Client.SampleConsole", "BlockCypher.Client.SampleConsole\BlockCypher.Client.SampleConsole.csproj", "{38B74F41-1B37-4C94-AA49-808600DB0422}"
EndProject
Global
	GlobalSection(SolutionConfigurationPlatforms) = preSolution
		Debug|Any CPU = Debug|Any CPU
		Release|Any CPU = Release|Any CPU
	EndGlobalSection
	GlobalSection(ProjectConfigurationPlatforms) = postSolution
		{D7AD83AD-C202-47D0-9B79-CB20B387E611}.Debug|Any CPU.ActiveCfg = Debug|Any CPU
		{D7AD83AD-C202-47D0-9B79-CB20B387E611}.Debug|Any CPU.Build.0 = Debug|Any CPU
		{D7AD83AD-C202-47D0-9B79-CB20B387E611}.Release|Any CPU.ActiveCfg = Release|Any CPU
		{D7AD83AD-C202-47D0-9B79-CB20B387E611}.Release|Any CPU.Build.0 = Release|Any CPU
		{93044A2B-DB2C-42AB-B765-EBB993175D28}.Debug|Any CPU.ActiveCfg = Debug|Any CPU
		{93044A2B-DB2C-42AB-B765-EBB993175D28}.Debug|Any CPU.Build.0 = Debug|Any CPU
		{93044A2B-DB2C-42AB-B765-EBB993175D28}.Release|Any CPU.ActiveCfg = Release|Any CPU
		{93044A2B-DB2C-42AB-B765-EBB993175D28}.Release|Any CPU.Build.0 = Release|Any CPU
		{3AD6C467-1E3A-4331-B960-15D7D5762E0A}.Debug|Any CPU.ActiveCfg = Debug|Any CPU
		{3AD6C467-1E3A-4331-B960-15D7D5762E0A}.Debug|Any CPU.Build.0 = Debug|Any CPU
		{3AD6C467-1E3A-4331-B960-15D7D5762E0A}.Release|Any CPU.ActiveCfg = Release|Any CPU
		{3AD6C467-1E3A-4331-B960-15D7D5762E0A}.Release|Any CPU.Build.0 = Release|Any CPU
		{38B74F41-1B37-4C94-AA49-808600DB0422}.Debug|Any CPU.ActiveCfg = Debug|Any CPU
		{38B74F41-1B37-4C94-AA49-808600DB0422}.Debug|Any CPU.Build.0 = Debug|Any CPU
		{38B74F41-1B37-4C94-AA49-808600DB0422}.Release|Any CPU.ActiveCfg = Release|Any CPU
		{38B74F41-1B37-4C94-AA49-808600DB0422}.Release|Any CPU.Build.0 = Release|Any CPU
	EndGlobalSection
	GlobalSection(SolutionProperties) = preSolution
		HideSolutionNode = FALSE
	EndGlobalSection
	GlobalSection(NestedProjects) = preSolution
		{D7AD83AD-C202-47D0-9B79-CB20B387E611} = {3C49223D-DFB1-40DD-9D60-BACDC7F0AFF3}
		{93044A2B-DB2C-42AB-B765-EBB993175D28} = {D1A8F8C6-F7E9-4792-9819-4AAEC14F2873}
		{3AD6C467-1E3A-4331-B960-15D7D5762E0A} = {D1A8F8C6-F7E9-4792-9819-4AAEC14F2873}
		{38B74F41-1B37-4C94-AA49-808600DB0422} = {DC0DD6C0-12CA-4714-97F9-5ACD43B77230}
	EndGlobalSection
	GlobalSection(ExtensibilityGlobals) = postSolution
		SolutionGuid = {FD202098-D139-4698-98E1-F14820758238}
	EndGlobalSection
EndGlobal
